
Microsoft Visual Studio Solution File, Format Version 12.00
# Visual Studio Version 16
VisualStudioVersion = 16.0.31729.503
MinimumVisualStudioVersion = 10.0.40219.1
Project("{9A19103F-16F7-4668-BE54-9A1E7A4F7556}") = "GvasFormat", "GvasFormat\GvasFormat.csproj", "{F78A00BF-0F42-4AB7-96D8-A75F043C63CA}"
EndProject
Project("{9A19103F-16F7-4668-BE54-9A1E7A4F7556}") = "ARRSaveConverter", "GvasConverter\ARRSaveConverter.csproj", "{F618BACD-D0A4-409D-B74B-29D0BFFB803F}"
EndProject
Project("{9A19103F-16F7-4668-BE54-9A1E7A4F7556}") = "ARRBetterMap", "ARRBetterMap\ARRBetterMap.csproj", "{087FE291-10A4-490E-9C92-7E498E046E29}"
EndProject
Project("{9A19103F-16F7-4668-BE54-9A1E7A4F7556}") = "ARRSaveFormat", "ARRSaveFormat\ARRSaveFormat.csproj", "{BCE6ABDA-2DE9-44D9-9BAB-1CC88953C926}"
EndProject
Global
	GlobalSection(SolutionConfigurationPlatforms) = preSolution
		Debug|Any CPU = Debug|Any CPU
		Release|Any CPU = Release|Any CPU
	EndGlobalSection
	GlobalSection(ProjectConfigurationPlatforms) = postSolution
		{F78A00BF-0F42-4AB7-96D8-A75F043C63CA}.Debug|Any CPU.ActiveCfg = Debug|Any CPU
		{F78A00BF-0F42-4AB7-96D8-A75F043C63CA}.Debug|Any CPU.Build.0 = Debug|Any CPU
		{F78A00BF-0F42-4AB7-96D8-A75F043C63CA}.Release|Any CPU.ActiveCfg = Release|Any CPU
		{F78A00BF-0F42-4AB7-96D8-A75F043C63CA}.Release|Any CPU.Build.0 = Release|Any CPU
		{F618BACD-D0A4-409D-B74B-29D0BFFB803F}.Debug|Any CPU.ActiveCfg = Debug|Any CPU
		{F618BACD-D0A4-409D-B74B-29D0BFFB803F}.Debug|Any CPU.Build.0 = Debug|Any CPU
		{F618BACD-D0A4-409D-B74B-29D0BFFB803F}.Release|Any CPU.ActiveCfg = Release|Any CPU
		{F618BACD-D0A4-409D-B74B-29D0BFFB803F}.Release|Any CPU.Build.0 = Release|Any CPU
		{087FE291-10A4-490E-9C92-7E498E046E29}.Debug|Any CPU.ActiveCfg = Debug|Any CPU
		{087FE291-10A4-490E-9C92-7E498E046E29}.Debug|Any CPU.Build.0 = Debug|Any CPU
		{087FE291-10A4-490E-9C92-7E498E046E29}.Release|Any CPU.ActiveCfg = Release|Any CPU
		{087FE291-10A4-490E-9C92-7E498E046E29}.Release|Any CPU.Build.0 = Release|Any CPU
		{BCE6ABDA-2DE9-44D9-9BAB-1CC88953C926}.Debug|Any CPU.ActiveCfg = Debug|Any CPU
		{BCE6ABDA-2DE9-44D9-9BAB-1CC88953C926}.Debug|Any CPU.Build.0 = Debug|Any CPU
		{BCE6ABDA-2DE9-44D9-9BAB-1CC88953C926}.Release|Any CPU.ActiveCfg = Release|Any CPU
		{BCE6ABDA-2DE9-44D9-9BAB-1CC88953C926}.Release|Any CPU.Build.0 = Release|Any CPU
	EndGlobalSection
	GlobalSection(SolutionProperties) = preSolution
		HideSolutionNode = FALSE
	EndGlobalSection
	GlobalSection(ExtensibilityGlobals) = postSolution
		SolutionGuid = {E72A49C8-E2E5-462E-9C25-E95CB38428EE}
	EndGlobalSection
EndGlobal
