
Microsoft Visual Studio Solution File, Format Version 12.00
# Visual Studio Version 16
VisualStudioVersion = 16.0.31729.503
MinimumVisualStudioVersion = 10.0.40219.1
Project("{9A19103F-16F7-4668-BE54-9A1E7A4F7556}") = "GvasFormat", "GvasFormat\GvasFormat.csproj", "{F78A00BF-0F42-4AB7-96D8-A75F043C63CA}"
EndProject
Project("{9A19103F-16F7-4668-BE54-9A1E7A4F7556}") = "ARRSaveFormat", "ARRSaveFormat\ARRSaveFormat.csproj", "{4AD6CD62-167F-4D7C-A7DF-9FBD9544583A}"
EndProject
Project("{FAE04EC0-301F-11D3-BF4B-00C04F79EFBC}") = "ARRBetterMap", "ARRBetterMap\ARRBetterMap.csproj", "{6BA50BB2-0487-494B-A8F9-D77CDE8AC663}"
EndProject
Project("{FAE04EC0-301F-11D3-BF4B-00C04F79EFBC}") = "ARRSaveConverter", "ARRSaveConverter\ARRSaveConverter.csproj", "{ACFF77B8-7220-4DF9-AE44-F42805FFEC82}"
EndProject
Global
	GlobalSection(SolutionConfigurationPlatforms) = preSolution
		Debug|Any CPU = Debug|Any CPU
		Release|Any CPU = Release|Any CPU
	EndGlobalSection
	GlobalSection(ProjectConfigurationPlatforms) = postSolution
		{F78A00BF-0F42-4AB7-96D8-A75F043C63CA}.Debug|Any CPU.ActiveCfg = Debug|Any CPU
		{F78A00BF-0F42-4AB7-96D8-A75F043C63CA}.Debug|Any CPU.Build.0 = Debug|Any CPU
		{F78A00BF-0F42-4AB7-96D8-A75F043C63CA}.Release|Any CPU.ActiveCfg = Release|Any CPU
		{F78A00BF-0F42-4AB7-96D8-A75F043C63CA}.Release|Any CPU.Build.0 = Release|Any CPU
		{4AD6CD62-167F-4D7C-A7DF-9FBD9544583A}.Debug|Any CPU.ActiveCfg = Debug|Any CPU
		{4AD6CD62-167F-4D7C-A7DF-9FBD9544583A}.Debug|Any CPU.Build.0 = Debug|Any CPU
		{4AD6CD62-167F-4D7C-A7DF-9FBD9544583A}.Release|Any CPU.ActiveCfg = Release|Any CPU
		{4AD6CD62-167F-4D7C-A7DF-9FBD9544583A}.Release|Any CPU.Build.0 = Release|Any CPU
		{6BA50BB2-0487-494B-A8F9-D77CDE8AC663}.Debug|Any CPU.ActiveCfg = Debug|Any CPU
		{6BA50BB2-0487-494B-A8F9-D77CDE8AC663}.Debug|Any CPU.Build.0 = Debug|Any CPU
		{6BA50BB2-0487-494B-A8F9-D77CDE8AC663}.Release|Any CPU.ActiveCfg = Release|Any CPU
		{6BA50BB2-0487-494B-A8F9-D77CDE8AC663}.Release|Any CPU.Build.0 = Release|Any CPU
		{ACFF77B8-7220-4DF9-AE44-F42805FFEC82}.Debug|Any CPU.ActiveCfg = Debug|Any CPU
		{ACFF77B8-7220-4DF9-AE44-F42805FFEC82}.Debug|Any CPU.Build.0 = Debug|Any CPU
		{ACFF77B8-7220-4DF9-AE44-F42805FFEC82}.Release|Any CPU.ActiveCfg = Release|Any CPU
		{ACFF77B8-7220-4DF9-AE44-F42805FFEC82}.Release|Any CPU.Build.0 = Release|Any CPU
	EndGlobalSection
	GlobalSection(SolutionProperties) = preSolution
		HideSolutionNode = FALSE
	EndGlobalSection
	GlobalSection(ExtensibilityGlobals) = postSolution
		SolutionGuid = {E72A49C8-E2E5-462E-9C25-E95CB38428EE}
	EndGlobalSection
EndGlobal
